
Microsoft Visual Studio Solution File, Format Version 12.00
# Visual Studio Version 16
VisualStudioVersion = 16.0.31605.320
MinimumVisualStudioVersion = 10.0.40219.1
Project("{FAE04EC0-301F-11D3-BF4B-00C04F79EFBC}") = "CashierApp", "CashierApp\CashierApp.csproj", "{D4186854-74ED-4031-9C78-DB0CE2D77E6D}"
EndProject
Global
	GlobalSection(SolutionConfigurationPlatforms) = preSolution
		Debug|Any CPU = Debug|Any CPU
		Release|Any CPU = Release|Any CPU
	EndGlobalSection
	GlobalSection(ProjectConfigurationPlatforms) = postSolution
		{D4186854-74ED-4031-9C78-DB0CE2D77E6D}.Debug|Any CPU.ActiveCfg = Debug|Any CPU
		{D4186854-74ED-4031-9C78-DB0CE2D77E6D}.Debug|Any CPU.Build.0 = Debug|Any CPU
		{D4186854-74ED-4031-9C78-DB0CE2D77E6D}.Release|Any CPU.ActiveCfg = Release|Any CPU
		{D4186854-74ED-4031-9C78-DB0CE2D77E6D}.Release|Any CPU.Build.0 = Release|Any CPU
	EndGlobalSection
	GlobalSection(SolutionProperties) = preSolution
		HideSolutionNode = FALSE
	EndGlobalSection
	GlobalSection(ExtensibilityGlobals) = postSolution
		SolutionGuid = {2E881AF2-5BA3-46FF-A6C9-01FD0CCE9CB5}
	EndGlobalSection
EndGlobal
